Microsoft Visual Studio Solution File, Format Version 11.00
# Visual Studio 2008

Project("{B5C7B7CC-FD9F-416B-DF7B-25222AE30831}") = "1 - Start", "Assembly-CSharp-firstpass.csproj", "{5689FE6C-D856-6AE9-7B99-AB725836E1E4}"
EndProject
Project("{B5C7B7CC-FD9F-416B-DF7B-25222AE30831}") = "1 - Start", "Assembly-CSharp.csproj", "{31FBD67B-AAE1-6B21-C483-80449C3A2B58}"
EndProject
Project("{B5C7B7CC-FD9F-416B-DF7B-25222AE30831}") = "1 - Start", "Assembly-CSharp-Editor.csproj", "{3F7DD0F2-33A1-EAB9-2695-8883276485A0}"
EndProject
Global
	GlobalSection(SolutionConfigurationPlatforms) = preSolution
		Debug|Any CPU = Debug|Any CPU
		Release|Any CPU = Release|Any CPU
	EndGlobalSection
	GlobalSection(ProjectConfigurationPlatforms) = postSolution
		{5689FE6C-D856-6AE9-7B99-AB725836E1E4}.Debug|Any CPU.ActiveCfg = Debug|Any CPU
		{5689FE6C-D856-6AE9-7B99-AB725836E1E4}.Debug|Any CPU.Build.0 = Debug|Any CPU
		{5689FE6C-D856-6AE9-7B99-AB725836E1E4}.Release|Any CPU.ActiveCfg = Release|Any CPU
		{5689FE6C-D856-6AE9-7B99-AB725836E1E4}.Release|Any CPU.Build.0 = Release|Any CPU
		{31FBD67B-AAE1-6B21-C483-80449C3A2B58}.Debug|Any CPU.ActiveCfg = Debug|Any CPU
		{31FBD67B-AAE1-6B21-C483-80449C3A2B58}.Debug|Any CPU.Build.0 = Debug|Any CPU
		{31FBD67B-AAE1-6B21-C483-80449C3A2B58}.Release|Any CPU.ActiveCfg = Release|Any CPU
		{31FBD67B-AAE1-6B21-C483-80449C3A2B58}.Release|Any CPU.Build.0 = Release|Any CPU
		{3F7DD0F2-33A1-EAB9-2695-8883276485A0}.Debug|Any CPU.ActiveCfg = Debug|Any CPU
		{3F7DD0F2-33A1-EAB9-2695-8883276485A0}.Debug|Any CPU.Build.0 = Debug|Any CPU
		{3F7DD0F2-33A1-EAB9-2695-8883276485A0}.Release|Any CPU.ActiveCfg = Release|Any CPU
		{3F7DD0F2-33A1-EAB9-2695-8883276485A0}.Release|Any CPU.Build.0 = Release|Any CPU
	EndGlobalSection
	GlobalSection(SolutionProperties) = preSolution
		HideSolutionNode = FALSE
	EndGlobalSection
	GlobalSection(MonoDevelopProperties) = preSolution
		StartupItem = Assembly-CSharp.csproj
	EndGlobalSection
EndGlobal
